
Microsoft Visual Studio Solution File, Format Version 12.00
# Visual Studio Version 16
VisualStudioVersion = 16.0.31105.61
MinimumVisualStudioVersion = 10.0.40219.1
Project("{FAE04EC0-301F-11D3-BF4B-00C04F79EFBC}") = "Slider.Android", "Slider.Android\Slider.Android.csproj", "{C767937F-2FE4-433C-BAA3-C1E965AABFF7}"
EndProject
Project("{FAE04EC0-301F-11D3-BF4B-00C04F79EFBC}") = "Slider", "Slider\Slider.csproj", "{D5ACF6E7-3534-4840-8EA9-463C9AA2B049}"
EndProject
Global
	GlobalSection(SolutionConfigurationPlatforms) = preSolution
		Debug|Any CPU = Debug|Any CPU
		Release|Any CPU = Release|Any CPU
	EndGlobalSection
	GlobalSection(ProjectConfigurationPlatforms) = postSolution
		{C767937F-2FE4-433C-BAA3-C1E965AABFF7}.Debug|Any CPU.ActiveCfg = Debug|Any CPU
		{C767937F-2FE4-433C-BAA3-C1E965AABFF7}.Debug|Any CPU.Build.0 = Debug|Any CPU
		{C767937F-2FE4-433C-BAA3-C1E965AABFF7}.Debug|Any CPU.Deploy.0 = Debug|Any CPU
		{C767937F-2FE4-433C-BAA3-C1E965AABFF7}.Release|Any CPU.ActiveCfg = Release|Any CPU
		{C767937F-2FE4-433C-BAA3-C1E965AABFF7}.Release|Any CPU.Build.0 = Release|Any CPU
		{C767937F-2FE4-433C-BAA3-C1E965AABFF7}.Release|Any CPU.Deploy.0 = Release|Any CPU
		{D5ACF6E7-3534-4840-8EA9-463C9AA2B049}.Debug|Any CPU.ActiveCfg = Debug|Any CPU
		{D5ACF6E7-3534-4840-8EA9-463C9AA2B049}.Debug|Any CPU.Build.0 = Debug|Any CPU
		{D5ACF6E7-3534-4840-8EA9-463C9AA2B049}.Debug|Any CPU.Deploy.0 = Debug|Any CPU
		{D5ACF6E7-3534-4840-8EA9-463C9AA2B049}.Release|Any CPU.ActiveCfg = Release|Any CPU
		{D5ACF6E7-3534-4840-8EA9-463C9AA2B049}.Release|Any CPU.Build.0 = Release|Any CPU
		{D5ACF6E7-3534-4840-8EA9-463C9AA2B049}.Release|Any CPU.Deploy.0 = Release|Any CPU
	EndGlobalSection
	GlobalSection(SolutionProperties) = preSolution
		HideSolutionNode = FALSE
	EndGlobalSection
	GlobalSection(ExtensibilityGlobals) = postSolution
		SolutionGuid = {4E6BDFF0-6E9F-4284-8D8B-F7CCAFEFBEB6}
	EndGlobalSection
EndGlobal
